
Microsoft Visual Studio Solution File, Format Version 12.00
# Visual Studio Version 16
VisualStudioVersion = 16.0.31019.35
MinimumVisualStudioVersion = 10.0.40219.1
Project("{9A19103F-16F7-4668-BE54-9A1E7A4F7556}") = "Business", "Business\Business.csproj", "{6B0D0875-582E-4EA2-BAAE-8B1A55D2C1D6}"
EndProject
Project("{9A19103F-16F7-4668-BE54-9A1E7A4F7556}") = "DataAccess", "DataAccess\DataAccess.csproj", "{CCC37901-9529-4C38-9FFA-9AA0241B99ED}"
EndProject
Project("{9A19103F-16F7-4668-BE54-9A1E7A4F7556}") = "Entities", "Entities\Entities.csproj", "{FFEBE314-761E-4712-81D9-DD11BFC817FC}"
EndProject
Project("{9A19103F-16F7-4668-BE54-9A1E7A4F7556}") = "ConsoleUI", "ConsoleUI\ConsoleUI.csproj", "{BDBA3342-BB7F-4C64-936A-C9BE68CFFD28}"
EndProject
Project("{9A19103F-16F7-4668-BE54-9A1E7A4F7556}") = "Core", "Core\Core.csproj", "{F58C10A3-F453-441B-AEBD-964D5C2FCFF0}"
EndProject
Project("{FAE04EC0-301F-11D3-BF4B-00C04F79EFBC}") = "WebAPI", "WebAPI\WebAPI.csproj", "{7840E6B0-F890-4C0D-B2D5-E610FB16E09F}"
EndProject
Global
	GlobalSection(SolutionConfigurationPlatforms) = preSolution
		Debug|Any CPU = Debug|Any CPU
		Release|Any CPU = Release|Any CPU
	EndGlobalSection
	GlobalSection(ProjectConfigurationPlatforms) = postSolution
		{6B0D0875-582E-4EA2-BAAE-8B1A55D2C1D6}.Debug|Any CPU.ActiveCfg = Debug|Any CPU
		{6B0D0875-582E-4EA2-BAAE-8B1A55D2C1D6}.Debug|Any CPU.Build.0 = Debug|Any CPU
		{6B0D0875-582E-4EA2-BAAE-8B1A55D2C1D6}.Release|Any CPU.ActiveCfg = Release|Any CPU
		{6B0D0875-582E-4EA2-BAAE-8B1A55D2C1D6}.Release|Any CPU.Build.0 = Release|Any CPU
		{CCC37901-9529-4C38-9FFA-9AA0241B99ED}.Debug|Any CPU.ActiveCfg = Debug|Any CPU
		{CCC37901-9529-4C38-9FFA-9AA0241B99ED}.Debug|Any CPU.Build.0 = Debug|Any CPU
		{CCC37901-9529-4C38-9FFA-9AA0241B99ED}.Release|Any CPU.ActiveCfg = Release|Any CPU
		{CCC37901-9529-4C38-9FFA-9AA0241B99ED}.Release|Any CPU.Build.0 = Release|Any CPU
		{FFEBE314-761E-4712-81D9-DD11BFC817FC}.Debug|Any CPU.ActiveCfg = Debug|Any CPU
		{FFEBE314-761E-4712-81D9-DD11BFC817FC}.Debug|Any CPU.Build.0 = Debug|Any CPU
		{FFEBE314-761E-4712-81D9-DD11BFC817FC}.Release|Any CPU.ActiveCfg = Release|Any CPU
		{FFEBE314-761E-4712-81D9-DD11BFC817FC}.Release|Any CPU.Build.0 = Release|Any CPU
		{BDBA3342-BB7F-4C64-936A-C9BE68CFFD28}.Debug|Any CPU.ActiveCfg = Debug|Any CPU
		{BDBA3342-BB7F-4C64-936A-C9BE68CFFD28}.Debug|Any CPU.Build.0 = Debug|Any CPU
		{BDBA3342-BB7F-4C64-936A-C9BE68CFFD28}.Release|Any CPU.ActiveCfg = Release|Any CPU
		{BDBA3342-BB7F-4C64-936A-C9BE68CFFD28}.Release|Any CPU.Build.0 = Release|Any CPU
		{F58C10A3-F453-441B-AEBD-964D5C2FCFF0}.Debug|Any CPU.ActiveCfg = Debug|Any CPU
		{F58C10A3-F453-441B-AEBD-964D5C2FCFF0}.Debug|Any CPU.Build.0 = Debug|Any CPU
		{F58C10A3-F453-441B-AEBD-964D5C2FCFF0}.Release|Any CPU.ActiveCfg = Release|Any CPU
		{F58C10A3-F453-441B-AEBD-964D5C2FCFF0}.Release|Any CPU.Build.0 = Release|Any CPU
		{7840E6B0-F890-4C0D-B2D5-E610FB16E09F}.Debug|Any CPU.ActiveCfg = Debug|Any CPU
		{7840E6B0-F890-4C0D-B2D5-E610FB16E09F}.Debug|Any CPU.Build.0 = Debug|Any CPU
		{7840E6B0-F890-4C0D-B2D5-E610FB16E09F}.Release|Any CPU.ActiveCfg = Release|Any CPU
		{7840E6B0-F890-4C0D-B2D5-E610FB16E09F}.Release|Any CPU.Build.0 = Release|Any CPU
	EndGlobalSection
	GlobalSection(SolutionProperties) = preSolution
		HideSolutionNode = FALSE
	EndGlobalSection
	GlobalSection(ExtensibilityGlobals) = postSolution
		SolutionGuid = {8B2622A9-6B89-45EA-886C-CF6794D74399}
	EndGlobalSection
EndGlobal
